// !$*UTF8*$!
{
	archiveVersion = 1;
	classes = {
	};
	objectVersion = 56;
	objects = {

/* Begin PBXBuildFile section */
		179160F02BC6D18900EF019C /* SettingsViewController.swift in Sources */ = {isa = PBXBuildFile; fileRef = 179160EF2BC6D18900EF019C /* SettingsViewController.swift */; };
		179160F22BC6D22D00EF019C /* ItemsView.swift in Sources */ = {isa = PBXBuildFile; fileRef = 179160F12BC6D22D00EF019C /* ItemsView.swift */; };
		179160F42BC6D4B600EF019C /* ItemsCollectionViewCell.swift in Sources */ = {isa = PBXBuildFile; fileRef = 179160F32BC6D4B600EF019C /* ItemsCollectionViewCell.swift */; };
		17B1B9C82BC6CF1F007290FB /* AppDelegate.swift in Sources */ = {isa = PBXBuildFile; fileRef = 17B1B9C72BC6CF1F007290FB /* AppDelegate.swift */; };
		17B1B9CA2BC6CF1F007290FB /* SceneDelegate.swift in Sources */ = {isa = PBXBuildFile; fileRef = 17B1B9C92BC6CF1F007290FB /* SceneDelegate.swift */; };
		17B1B9CC2BC6CF1F007290FB /* ItemsViewController.swift in Sources */ = {isa = PBXBuildFile; fileRef = 17B1B9CB2BC6CF1F007290FB /* ItemsViewController.swift */; };
		17B1B9D12BC6CF20007290FB /* Assets.xcassets in Resources */ = {isa = PBXBuildFile; fileRef = 17B1B9D02BC6CF20007290FB /* Assets.xcassets */; };
		17B1B9D42BC6CF20007290FB /* LaunchScreen.storyboard in Resources */ = {isa = PBXBuildFile; fileRef = 17B1B9D22BC6CF20007290FB /* LaunchScreen.storyboard */; };
/* End PBXBuildFile section */

/* Begin PBXFileReference section */
		179160EF2BC6D18900EF019C /* SettingsViewController.swift */ = {isa = PBXFileReference; lastKnownFileType = sourcecode.swift; path = SettingsViewController.swift; sourceTree = "<group>"; };
		179160F12BC6D22D00EF019C /* ItemsView.swift */ = {isa = PBXFileReference; lastKnownFileType = sourcecode.swift; path = ItemsView.swift; sourceTree = "<group>"; };
		179160F32BC6D4B600EF019C /* ItemsCollectionViewCell.swift */ = {isa = PBXFileReference; lastKnownFileType = sourcecode.swift; path = ItemsCollectionViewCell.swift; sourceTree = "<group>"; };
		17B1B9C42BC6CF1F007290FB /* ilikethat.app */ = {isa = PBXFileReference; explicitFileType = wrapper.application; includeInIndex = 0; path = ilikethat.app; sourceTree = BUILT_PRODUCTS_DIR; };
		17B1B9C72BC6CF1F007290FB /* AppDelegate.swift */ = {isa = PBXFileReference; lastKnownFileType = sourcecode.swift; path = AppDelegate.swift; sourceTree = "<group>"; };
		17B1B9C92BC6CF1F007290FB /* SceneDelegate.swift */ = {isa = PBXFileReference; lastKnownFileType = sourcecode.swift; path = SceneDelegate.swift; sourceTree = "<group>"; };
		17B1B9CB2BC6CF1F007290FB /* ItemsViewController.swift */ = {isa = PBXFileReference; lastKnownFileType = sourcecode.swift; path = ItemsViewController.swift; sourceTree = "<group>"; };
		17B1B9D02BC6CF20007290FB /* Assets.xcassets */ = {isa = PBXFileReference; lastKnownFileType = folder.assetcatalog; path = Assets.xcassets; sourceTree = "<group>"; };
		17B1B9D32BC6CF20007290FB /* Base */ = {isa = PBXFileReference; lastKnownFileType = file.storyboard; name = Base; path = Base.lproj/LaunchScreen.storyboard; sourceTree = "<group>"; };
		17B1B9D52BC6CF20007290FB /* Info.plist */ = {isa = PBXFileReference; lastKnownFileType = text.plist.xml; path = Info.plist; sourceTree = "<group>"; };
/* End PBXFileReference section */

/* Begin PBXFrameworksBuildPhase section */
		17B1B9C12BC6CF1F007290FB /* Frameworks */ = {
			isa = PBXFrameworksBuildPhase;
			buildActionMask = 2147483647;
			files = (
			);
			runOnlyForDeploymentPostprocessing = 0;
		};
/* End PBXFrameworksBuildPhase section */

/* Begin PBXGroup section */
		179160EC2BC6CFCC00EF019C /* Controllers */ = {
			isa = PBXGroup;
			children = (
				17B1B9CB2BC6CF1F007290FB /* ItemsViewController.swift */,
				179160EF2BC6D18900EF019C /* SettingsViewController.swift */,
			);
			path = Controllers;
			sourceTree = "<group>";
		};
		179160ED2BC6CFD600EF019C /* Models */ = {
			isa = PBXGroup;
			children = (
			);
			path = Models;
			sourceTree = "<group>";
		};
		179160EE2BC6CFDC00EF019C /* Views */ = {
			isa = PBXGroup;
			children = (
				179160F12BC6D22D00EF019C /* ItemsView.swift */,
				179160F32BC6D4B600EF019C /* ItemsCollectionViewCell.swift */,
			);
			path = Views;
			sourceTree = "<group>";
		};
		17B1B9BB2BC6CF1F007290FB = {
			isa = PBXGroup;
			children = (
				17B1B9C62BC6CF1F007290FB /* ilikethat */,
				17B1B9C52BC6CF1F007290FB /* Products */,
			);
			sourceTree = "<group>";
		};
		17B1B9C52BC6CF1F007290FB /* Products */ = {
			isa = PBXGroup;
			children = (
				17B1B9C42BC6CF1F007290FB /* ilikethat.app */,
			);
			name = Products;
			sourceTree = "<group>";
		};
		17B1B9C62BC6CF1F007290FB /* ilikethat */ = {
			isa = PBXGroup;
			children = (
				179160ED2BC6CFD600EF019C /* Models */,
				179160EE2BC6CFDC00EF019C /* Views */,
				179160EC2BC6CFCC00EF019C /* Controllers */,
				17B1B9C72BC6CF1F007290FB /* AppDelegate.swift */,
				17B1B9C92BC6CF1F007290FB /* SceneDelegate.swift */,
				17B1B9D02BC6CF20007290FB /* Assets.xcassets */,
				17B1B9D22BC6CF20007290FB /* LaunchScreen.storyboard */,
				17B1B9D52BC6CF20007290FB /* Info.plist */,
			);
			path = ilikethat;
			sourceTree = "<group>";
		};
/* End PBXGroup section */

/* Begin PBXNativeTarget section */
		17B1B9C32BC6CF1F007290FB /* ilikethat */ = {
			isa = PBXNativeTarget;
			buildConfigurationList = 17B1B9D82BC6CF20007290FB /* Build configuration list for PBXNativeTarget "ilikethat" */;
			buildPhases = (
				17B1B9C02BC6CF1F007290FB /* Sources */,
				17B1B9C12BC6CF1F007290FB /* Frameworks */,
				17B1B9C22BC6CF1F007290FB /* Resources */,
			);
			buildRules = (
			);
			dependencies = (
			);
			name = ilikethat;
			productName = ilikethat;
			productReference = 17B1B9C42BC6CF1F007290FB /* ilikethat.app */;
			productType = "com.apple.product-type.application";
		};
/* End PBXNativeTarget section */

/* Begin PBXProject section */
		17B1B9BC2BC6CF1F007290FB /* Project object */ = {
			isa = PBXProject;
			attributes = {
				BuildIndependentTargetsInParallel = 1;
				LastSwiftUpdateCheck = 1510;
				LastUpgradeCheck = 1510;
				TargetAttributes = {
					17B1B9C32BC6CF1F007290FB = {
						CreatedOnToolsVersion = 15.1;
					};
				};
			};
			buildConfigurationList = 17B1B9BF2BC6CF1F007290FB /* Build configuration list for PBXProject "ilikethat" */;
			compatibilityVersion = "Xcode 14.0";
			developmentRegion = en;
			hasScannedForEncodings = 0;
			knownRegions = (
				en,
				Base,
			);
			mainGroup = 17B1B9BB2BC6CF1F007290FB;
			productRefGroup = 17B1B9C52BC6CF1F007290FB /* Products */;
			projectDirPath = "";
			projectRoot = "";
			targets = (
				17B1B9C32BC6CF1F007290FB /* ilikethat */,
			);
		};
/* End PBXProject section */

/* Begin PBXResourcesBuildPhase section */
		17B1B9C22BC6CF1F007290FB /* Resources */ = {
			isa = PBXResourcesBuildPhase;
			buildActionMask = 2147483647;
			files = (
				17B1B9D42BC6CF20007290FB /* LaunchScreen.storyboard in Resources */,
				17B1B9D12BC6CF20007290FB /* Assets.xcassets in Resources */,
			);
			runOnlyForDeploymentPostprocessing = 0;
		};
/* End PBXResourcesBuildPhase section */

/* Begin PBXSourcesBuildPhase section */
		17B1B9C02BC6CF1F007290FB /* Sources */ = {
			isa = PBXSourcesBuildPhase;
			buildActionMask = 2147483647;
			files = (
				17B1B9CC2BC6CF1F007290FB /* ItemsViewController.swift in Sources */,
				17B1B9C82BC6CF1F007290FB /* AppDelegate.swift in Sources */,
				179160F22BC6D22D00EF019C /* ItemsView.swift in Sources */,
				17B1B9CA2BC6CF1F007290FB /* SceneDelegate.swift in Sources */,
				179160F02BC6D18900EF019C /* SettingsViewController.swift in Sources */,
				179160F42BC6D4B600EF019C /* ItemsCollectionViewCell.swift in Sources */,
			);
			runOnlyForDeploymentPostprocessing = 0;
		};
/* End PBXSourcesBuildPhase section */

/* Begin PBXVariantGroup section */
		17B1B9D22BC6CF20007290FB /* LaunchScreen.storyboard */ = {
			isa = PBXVariantGroup;
			children = (
				17B1B9D32BC6CF20007290FB /* Base */,
			);
			name = LaunchScreen.storyboard;
			sourceTree = "<group>";
		};
/* End PBXVariantGroup section */

/* Begin XCBuildConfiguration section */
		17B1B9D62BC6CF20007290FB /* Debug */ = {
			isa = XCBuildConfiguration;
			buildSettings = {
				ALWAYS_SEARCH_USER_PATHS = NO;
				ASSETCATALOG_COMPILER_GENERATE_SWIFT_ASSET_SYMBOL_EXTENSIONS = YES;
				CLANG_ANALYZER_NONNULL = YES;
				CLANG_ANALYZER_NUMBER_OBJECT_CONVERSION = YES_AGGRESSIVE;
				CLANG_CXX_LANGUAGE_STANDARD = "gnu++20";
				CLANG_ENABLE_MODULES = YES;
				CLANG_ENABLE_OBJC_ARC = YES;
				CLANG_ENABLE_OBJC_WEAK = YES;
				CLANG_WARN_BLOCK_CAPTURE_AUTORELEASING = YES;
				CLANG_WARN_BOOL_CONVERSION = YES;
				CLANG_WARN_COMMA = YES;
				CLANG_WARN_CONSTANT_CONVERSION = YES;
				CLANG_WARN_DEPRECATED_OBJC_IMPLEMENTATIONS = YES;
				CLANG_WARN_DIRECT_OBJC_ISA_USAGE = YES_ERROR;
				CLANG_WARN_DOCUMENTATION_COMMENTS = YES;
				CLANG_WARN_EMPTY_BODY = YES;
				CLANG_WARN_ENUM_CONVERSION = YES;
				CLANG_WARN_INFINITE_RECURSION = YES;
				CLANG_WARN_INT_CONVERSION = YES;
				CLANG_WARN_NON_LITERAL_NULL_CONVERSION = YES;
				CLANG_WARN_OBJC_IMPLICIT_RETAIN_SELF = YES;
				CLANG_WARN_OBJC_LITERAL_CONVERSION = YES;
				CLANG_WARN_OBJC_ROOT_CLASS = YES_ERROR;
				CLANG_WARN_QUOTED_INCLUDE_IN_FRAMEWORK_HEADER = YES;
				CLANG_WARN_RANGE_LOOP_ANALYSIS = YES;
				CLANG_WARN_STRICT_PROTOTYPES = YES;
				CLANG_WARN_SUSPICIOUS_MOVE = YES;
				CLANG_WARN_UNGUARDED_AVAILABILITY = YES_AGGRESSIVE;
				CLANG_WARN_UNREACHABLE_CODE = YES;
				CLANG_WARN__DUPLICATE_METHOD_MATCH = YES;
				COPY_PHASE_STRIP = NO;
				DEBUG_INFORMATION_FORMAT = dwarf;
				ENABLE_STRICT_OBJC_MSGSEND = YES;
				ENABLE_TESTABILITY = YES;
				ENABLE_USER_SCRIPT_SANDBOXING = YES;
				GCC_C_LANGUAGE_STANDARD = gnu17;
				GCC_DYNAMIC_NO_PIC = NO;
				GCC_NO_COMMON_BLOCKS = YES;
				GCC_OPTIMIZATION_LEVEL = 0;
				GCC_PREPROCESSOR_DEFINITIONS = (
					"DEBUG=1",
					"$(inherited)",
				);
				GCC_WARN_64_TO_32_BIT_CONVERSION = YES;
				GCC_WARN_ABOUT_RETURN_TYPE = YES_ERROR;
				GCC_WARN_UNDECLARED_SELECTOR = YES;
				GCC_WARN_UNINITIALIZED_AUTOS = YES_AGGRESSIVE;
				GCC_WARN_UNUSED_FUNCTION = YES;
				GCC_WARN_UNUSED_VARIABLE = YES;
				IPHONEOS_DEPLOYMENT_TARGET = 17.2;
				LOCALIZATION_PREFERS_STRING_CATALOGS = YES;
				MTL_ENABLE_DEBUG_INFO = INCLUDE_SOURCE;
				MTL_FAST_MATH = YES;
				ONLY_ACTIVE_ARCH = YES;
				SDKROOT = iphoneos;
				SWIFT_ACTIVE_COMPILATION_CONDITIONS = "DEBUG $(inherited)";
				SWIFT_OPTIMIZATION_LEVEL = "-Onone";
			};
			name = Debug;
		};
		17B1B9D72BC6CF20007290FB /* Release */ = {
			isa = XCBuildConfiguration;
			buildSettings = {
				ALWAYS_SEARCH_USER_PATHS = NO;
				ASSETCATALOG_COMPILER_GENERATE_SWIFT_ASSET_SYMBOL_EXTENSIONS = YES;
				CLANG_ANALYZER_NONNULL = YES;
				CLANG_ANALYZER_NUMBER_OBJECT_CONVERSION = YES_AGGRESSIVE;
				CLANG_CXX_LANGUAGE_STANDARD = "gnu++20";
				CLANG_ENABLE_MODULES = YES;
				CLANG_ENABLE_OBJC_ARC = YES;
				CLANG_ENABLE_OBJC_WEAK = YES;
				CLANG_WARN_BLOCK_CAPTURE_AUTORELEASING = YES;
				CLANG_WARN_BOOL_CONVERSION = YES;
				CLANG_WARN_COMMA = YES;
				CLANG_WARN_CONSTANT_CONVERSION = YES;
				CLANG_WARN_DEPRECATED_OBJC_IMPLEMENTATIONS = YES;
				CLANG_WARN_DIRECT_OBJC_ISA_USAGE = YES_ERROR;
				CLANG_WARN_DOCUMENTATION_COMMENTS = YES;
				CLANG_WARN_EMPTY_BODY = YES;
				CLANG_WARN_ENUM_CONVERSION = YES;
				CLANG_WARN_INFINITE_RECURSION = YES;
				CLANG_WARN_INT_CONVERSION = YES;
				CLANG_WARN_NON_LITERAL_NULL_CONVERSION = YES;
				CLANG_WARN_OBJC_IMPLICIT_RETAIN_SELF = YES;
				CLANG_WARN_OBJC_LITERAL_CONVERSION = YES;
				CLANG_WARN_OBJC_ROOT_CLASS = YES_ERROR;
				CLANG_WARN_QUOTED_INCLUDE_IN_FRAMEWORK_HEADER = YES;
				CLANG_WARN_RANGE_LOOP_ANALYSIS = YES;
				CLANG_WARN_STRICT_PROTOTYPES = YES;
				CLANG_WARN_SUSPICIOUS_MOVE = YES;
				CLANG_WARN_UNGUARDED_AVAILABILITY = YES_AGGRESSIVE;
				CLANG_WARN_UNREACHABLE_CODE = YES;
				CLANG_WARN__DUPLICATE_METHOD_MATCH = YES;
				COPY_PHASE_STRIP = NO;
				DEBUG_INFORMATION_FORMAT = "dwarf-with-dsym";
				ENABLE_NS_ASSERTIONS = NO;
				ENABLE_STRICT_OBJC_MSGSEND = YES;
				ENABLE_USER_SCRIPT_SANDBOXING = YES;
				GCC_C_LANGUAGE_STANDARD = gnu17;
				GCC_NO_COMMON_BLOCKS = YES;
				GCC_WARN_64_TO_32_BIT_CONVERSION = YES;
				GCC_WARN_ABOUT_RETURN_TYPE = YES_ERROR;
				GCC_WARN_UNDECLARED_SELECTOR = YES;
				GCC_WARN_UNINITIALIZED_AUTOS = YES_AGGRESSIVE;
				GCC_WARN_UNUSED_FUNCTION = YES;
				GCC_WARN_UNUSED_VARIABLE = YES;
				IPHONEOS_DEPLOYMENT_TARGET = 17.2;
				LOCALIZATION_PREFERS_STRING_CATALOGS = YES;
				MTL_ENABLE_DEBUG_INFO = NO;
				MTL_FAST_MATH = YES;
				SDKROOT = iphoneos;
				SWIFT_COMPILATION_MODE = wholemodule;
				VALIDATE_PRODUCT = YES;
			};
			name = Release;
		};
		17B1B9D92BC6CF20007290FB /* Debug */ = {
			isa = XCBuildConfiguration;
			buildSettings = {
				ASSETCATALOG_COMPILER_APPICON_NAME = AppIcon;
				ASSETCATALOG_COMPILER_GLOBAL_ACCENT_COLOR_NAME = AccentColor;
				CODE_SIGN_STYLE = Automatic;
				CURRENT_PROJECT_VERSION = 1;
				DEVELOPMENT_TEAM = P2F7ZVG333;
				GENERATE_INFOPLIST_FILE = YES;
				INFOPLIST_FILE = ilikethat/Info.plist;
				INFOPLIST_KEY_CFBundleDisplayName = "I Like That";
				INFOPLIST_KEY_LSApplicationCategoryType = "public.app-category.lifestyle";
				INFOPLIST_KEY_UIApplicationSupportsIndirectInputEvents = YES;
				INFOPLIST_KEY_UILaunchStoryboardName = LaunchScreen;
				INFOPLIST_KEY_UISupportedInterfaceOrientations = UIInterfaceOrientationPortrait;
				IPHONEOS_DEPLOYMENT_TARGET = 13.0;
				LD_RUNPATH_SEARCH_PATHS = (
					"$(inherited)",
					"@executable_path/Frameworks",
				);
				MARKETING_VERSION = 1.0.0;
				PRODUCT_BUNDLE_IDENTIFIER = com.any.ilikethat;
				PRODUCT_NAME = "$(TARGET_NAME)";
				SUPPORTED_PLATFORMS = "iphoneos iphonesimulator";
				SUPPORTS_MACCATALYST = NO;
				SUPPORTS_MAC_DESIGNED_FOR_IPHONE_IPAD = NO;
				SWIFT_EMIT_LOC_STRINGS = YES;
				SWIFT_VERSION = 5.0;
				TARGETED_DEVICE_FAMILY = 1;
			};
			name = Debug;
		};
		17B1B9DA2BC6CF20007290FB /* Release */ = {
			isa = XCBuildConfiguration;
			buildSettings = {
				ASSETCATALOG_COMPILER_APPICON_NAME = AppIcon;
				ASSETCATALOG_COMPILER_GLOBAL_ACCENT_COLOR_NAME = AccentColor;
				CODE_SIGN_STYLE = Automatic;
				CURRENT_PROJECT_VERSION = 1;
				DEVELOPMENT_TEAM = P2F7ZVG333;
				GENERATE_INFOPLIST_FILE = YES;
				INFOPLIST_FILE = ilikethat/Info.plist;
				INFOPLIST_KEY_CFBundleDisplayName = "I Like That";
				INFOPLIST_KEY_LSApplicationCategoryType = "public.app-category.lifestyle";
				INFOPLIST_KEY_UIApplicationSupportsIndirectInputEvents = YES;
				INFOPLIST_KEY_UILaunchStoryboardName = LaunchScreen;
				INFOPLIST_KEY_UISupportedInterfaceOrientations = UIInterfaceOrientationPortrait;
				IPHONEOS_DEPLOYMENT_TARGET = 13.0;
				LD_RUNPATH_SEARCH_PATHS = (
					"$(inherited)",
					"@executable_path/Frameworks",
				);
				MARKETING_VERSION = 1.0.0;
				PRODUCT_BUNDLE_IDENTIFIER = com.any.ilikethat;
				PRODUCT_NAME = "$(TARGET_NAME)";
				SUPPORTED_PLATFORMS = "iphoneos iphonesimulator";
				SUPPORTS_MACCATALYST = NO;
				SUPPORTS_MAC_DESIGNED_FOR_IPHONE_IPAD = NO;
				SWIFT_EMIT_LOC_STRINGS = YES;
				SWIFT_VERSION = 5.0;
				TARGETED_DEVICE_FAMILY = 1;
			};
			name = Release;
		};
/* End XCBuildConfiguration section */

/* Begin XCConfigurationList section */
		17B1B9BF2BC6CF1F007290FB /* Build configuration list for PBXProject "ilikethat" */ = {
			isa = XCConfigurationList;
			buildConfigurations = (
				17B1B9D62BC6CF20007290FB /* Debug */,
				17B1B9D72BC6CF20007290FB /* Release */,
			);
			defaultConfigurationIsVisible = 0;
			defaultConfigurationName = Release;
		};
		17B1B9D82BC6CF20007290FB /* Build configuration list for PBXNativeTarget "ilikethat" */ = {
			isa = XCConfigurationList;
			buildConfigurations = (
				17B1B9D92BC6CF20007290FB /* Debug */,
				17B1B9DA2BC6CF20007290FB /* Release */,
			);
			defaultConfigurationIsVisible = 0;
			defaultConfigurationName = Release;
		};
/* End XCConfigurationList section */
	};
	rootObject = 17B1B9BC2BC6CF1F007290FB /* Project object */;
}
